
Microsoft Visual Studio Solution File, Format Version 12.00
# Visual Studio Version 17
VisualStudioVersion = 17.4.33213.308
MinimumVisualStudioVersion = 10.0.40219.1
Project("{FAE04EC0-301F-11D3-BF4B-00C04F79EFBC}") = "DEMO", "DEMO\DEMO.csproj", "{D367B093-441D-4494-A35E-0EAD75841E01}"
EndProject
Global
	GlobalSection(SolutionConfigurationPlatforms) = preSolution
		Debug|Any CPU = Debug|Any CPU
		Release|Any CPU = Release|Any CPU
	EndGlobalSection
	GlobalSection(ProjectConfigurationPlatforms) = postSolution
		{D367B093-441D-4494-A35E-0EAD75841E01}.Debug|Any CPU.ActiveCfg = Debug|Any CPU
		{D367B093-441D-4494-A35E-0EAD75841E01}.Debug|Any CPU.Build.0 = Debug|Any CPU
		{D367B093-441D-4494-A35E-0EAD75841E01}.Release|Any CPU.ActiveCfg = Release|Any CPU
		{D367B093-441D-4494-A35E-0EAD75841E01}.Release|Any CPU.Build.0 = Release|Any CPU
	EndGlobalSection
	GlobalSection(SolutionProperties) = preSolution
		HideSolutionNode = FALSE
	EndGlobalSection
	GlobalSection(ExtensibilityGlobals) = postSolution
		SolutionGuid = {F6246C2F-45F1-4249-A7BC-360E7D867226}
	EndGlobalSection
EndGlobal
